
Microsoft Visual Studio Solution File, Format Version 12.00
# Visual Studio Version 17
VisualStudioVersion = 17.11.35222.181
MinimumVisualStudioVersion = 10.0.40219.1
Project("{D2ABAB84-BF74-430A-B69E-9DC6D40DDA17}") = "сourse_work", "сourse_work\сourse_work.dwproj", "{E13BE549-228C-4425-AAB4-F24F8F57E111}"
EndProject
Global
	GlobalSection(SolutionConfigurationPlatforms) = preSolution
		Development|Default = Development|Default
	EndGlobalSection
	GlobalSection(ProjectConfigurationPlatforms) = postSolution
		{E13BE549-228C-4425-AAB4-F24F8F57E111}.Development|Default.ActiveCfg = Development
		{E13BE549-228C-4425-AAB4-F24F8F57E111}.Development|Default.Build.0 = Development
		{E13BE549-228C-4425-AAB4-F24F8F57E111}.Development|Default.Deploy.0 = Development
	EndGlobalSection
	GlobalSection(SolutionProperties) = preSolution
		HideSolutionNode = FALSE
	EndGlobalSection
	GlobalSection(ExtensibilityGlobals) = postSolution
		SolutionGuid = {F0E855F2-9413-483B-9EF9-20ECE6B7FDBF}
	EndGlobalSection
EndGlobal
